
Microsoft Visual Studio Solution File, Format Version 12.00
# Visual Studio Version 16
VisualStudioVersion = 16.0.31702.278
MinimumVisualStudioVersion = 10.0.40219.1
Project("{FAE04EC0-301F-11D3-BF4B-00C04F79EFBC}") = "GestionArticle", "GestionArticle.csproj", "{5E2407A5-A558-48A0-BF58-C9C204093C0F}"
EndProject
Global
	GlobalSection(SolutionConfigurationPlatforms) = preSolution
		Debug|Any CPU = Debug|Any CPU
		Release|Any CPU = Release|Any CPU
	EndGlobalSection
	GlobalSection(ProjectConfigurationPlatforms) = postSolution
		{5E2407A5-A558-48A0-BF58-C9C204093C0F}.Debug|Any CPU.ActiveCfg = Debug|Any CPU
		{5E2407A5-A558-48A0-BF58-C9C204093C0F}.Debug|Any CPU.Build.0 = Debug|Any CPU
		{5E2407A5-A558-48A0-BF58-C9C204093C0F}.Release|Any CPU.ActiveCfg = Release|Any CPU
		{5E2407A5-A558-48A0-BF58-C9C204093C0F}.Release|Any CPU.Build.0 = Release|Any CPU
	EndGlobalSection
	GlobalSection(SolutionProperties) = preSolution
		HideSolutionNode = FALSE
	EndGlobalSection
	GlobalSection(ExtensibilityGlobals) = postSolution
		SolutionGuid = {569440DC-A293-4957-BD20-1E90052D007D}
	EndGlobalSection
EndGlobal
